
Microsoft Visual Studio Solution File, Format Version 12.00
# Visual Studio Version 16
VisualStudioVersion = 16.0.32126.315
MinimumVisualStudioVersion = 10.0.40219.1
Project("{F184B08F-C81C-45F6-A57F-5ABD9991F28F}") = "ConsoleApp1", "ConsoleApp1\ConsoleApp1.vbproj", "{118B1115-A935-4242-9663-231E333E8093}"
EndProject
Global
	GlobalSection(SolutionConfigurationPlatforms) = preSolution
		Debug|Any CPU = Debug|Any CPU
		Release|Any CPU = Release|Any CPU
	EndGlobalSection
	GlobalSection(ProjectConfigurationPlatforms) = postSolution
		{118B1115-A935-4242-9663-231E333E8093}.Debug|Any CPU.ActiveCfg = Debug|Any CPU
		{118B1115-A935-4242-9663-231E333E8093}.Debug|Any CPU.Build.0 = Debug|Any CPU
		{118B1115-A935-4242-9663-231E333E8093}.Release|Any CPU.ActiveCfg = Release|Any CPU
		{118B1115-A935-4242-9663-231E333E8093}.Release|Any CPU.Build.0 = Release|Any CPU
	EndGlobalSection
	GlobalSection(SolutionProperties) = preSolution
		HideSolutionNode = FALSE
	EndGlobalSection
	GlobalSection(ExtensibilityGlobals) = postSolution
		SolutionGuid = {D4B38FBB-FC7D-437F-9D5B-0BEA3F3F671F}
	EndGlobalSection
EndGlobal
